
Microsoft Visual Studio Solution File, Format Version 12.00
# Visual Studio Version 17
VisualStudioVersion = 17.5.33424.131
MinimumVisualStudioVersion = 10.0.40219.1
Project("{FAE04EC0-301F-11D3-BF4B-00C04F79EFBC}") = "WebAPI", "WebAPI\WebAPI.csproj", "{9AB5B695-9D8B-482B-8BE3-C792F001B7C9}"
EndProject
Project("{FAE04EC0-301F-11D3-BF4B-00C04F79EFBC}") = "Tests", "Tests\Tests.csproj", "{04A51897-AEFC-4AA2-AC3C-E9CE5E9DD388}"
EndProject
Project("{FAE04EC0-301F-11D3-BF4B-00C04F79EFBC}") = "Business", "Business\Business.csproj", "{9726455A-16F1-4A97-9ED4-1394B952A5B2}"
EndProject
Project("{FAE04EC0-301F-11D3-BF4B-00C04F79EFBC}") = "DataAccess", "DataAccess\DataAccess.csproj", "{7583204E-C75C-4C1E-87E4-E246305EB752}"
EndProject
Project("{FAE04EC0-301F-11D3-BF4B-00C04F79EFBC}") = "Core", "Core\Core.csproj", "{850106B7-A7F8-43BF-9532-7C18D5596106}"
EndProject
Project("{FAE04EC0-301F-11D3-BF4B-00C04F79EFBC}") = "Entities", "Entities\Entities.csproj", "{C278A445-7EAC-478A-A455-BBEC4065A2C1}"
EndProject
Global
	GlobalSection(SolutionConfigurationPlatforms) = preSolution
		Debug|Any CPU = Debug|Any CPU
		Release|Any CPU = Release|Any CPU
	EndGlobalSection
	GlobalSection(ProjectConfigurationPlatforms) = postSolution
		{9AB5B695-9D8B-482B-8BE3-C792F001B7C9}.Debug|Any CPU.ActiveCfg = Debug|Any CPU
		{9AB5B695-9D8B-482B-8BE3-C792F001B7C9}.Debug|Any CPU.Build.0 = Debug|Any CPU
		{9AB5B695-9D8B-482B-8BE3-C792F001B7C9}.Release|Any CPU.ActiveCfg = Release|Any CPU
		{9AB5B695-9D8B-482B-8BE3-C792F001B7C9}.Release|Any CPU.Build.0 = Release|Any CPU
		{04A51897-AEFC-4AA2-AC3C-E9CE5E9DD388}.Debug|Any CPU.ActiveCfg = Debug|Any CPU
		{04A51897-AEFC-4AA2-AC3C-E9CE5E9DD388}.Debug|Any CPU.Build.0 = Debug|Any CPU
		{04A51897-AEFC-4AA2-AC3C-E9CE5E9DD388}.Release|Any CPU.ActiveCfg = Release|Any CPU
		{04A51897-AEFC-4AA2-AC3C-E9CE5E9DD388}.Release|Any CPU.Build.0 = Release|Any CPU
		{9726455A-16F1-4A97-9ED4-1394B952A5B2}.Debug|Any CPU.ActiveCfg = Debug|Any CPU
		{9726455A-16F1-4A97-9ED4-1394B952A5B2}.Debug|Any CPU.Build.0 = Debug|Any CPU
		{9726455A-16F1-4A97-9ED4-1394B952A5B2}.Release|Any CPU.ActiveCfg = Release|Any CPU
		{9726455A-16F1-4A97-9ED4-1394B952A5B2}.Release|Any CPU.Build.0 = Release|Any CPU
		{7583204E-C75C-4C1E-87E4-E246305EB752}.Debug|Any CPU.ActiveCfg = Debug|Any CPU
		{7583204E-C75C-4C1E-87E4-E246305EB752}.Debug|Any CPU.Build.0 = Debug|Any CPU
		{7583204E-C75C-4C1E-87E4-E246305EB752}.Release|Any CPU.ActiveCfg = Release|Any CPU
		{7583204E-C75C-4C1E-87E4-E246305EB752}.Release|Any CPU.Build.0 = Release|Any CPU
		{850106B7-A7F8-43BF-9532-7C18D5596106}.Debug|Any CPU.ActiveCfg = Debug|Any CPU
		{850106B7-A7F8-43BF-9532-7C18D5596106}.Debug|Any CPU.Build.0 = Debug|Any CPU
		{850106B7-A7F8-43BF-9532-7C18D5596106}.Release|Any CPU.ActiveCfg = Release|Any CPU
		{850106B7-A7F8-43BF-9532-7C18D5596106}.Release|Any CPU.Build.0 = Release|Any CPU
		{C278A445-7EAC-478A-A455-BBEC4065A2C1}.Debug|Any CPU.ActiveCfg = Debug|Any CPU
		{C278A445-7EAC-478A-A455-BBEC4065A2C1}.Debug|Any CPU.Build.0 = Debug|Any CPU
		{C278A445-7EAC-478A-A455-BBEC4065A2C1}.Release|Any CPU.ActiveCfg = Release|Any CPU
		{C278A445-7EAC-478A-A455-BBEC4065A2C1}.Release|Any CPU.Build.0 = Release|Any CPU
	EndGlobalSection
	GlobalSection(SolutionProperties) = preSolution
		HideSolutionNode = FALSE
	EndGlobalSection
	GlobalSection(ExtensibilityGlobals) = postSolution
		SolutionGuid = {806424C9-65B0-41DE-933B-5FAE8B666D7F}
	EndGlobalSection
EndGlobal
